
Microsoft Visual Studio Solution File, Format Version 12.00
# Visual Studio Version 16
VisualStudioVersion = 16.0.31321.278
MinimumVisualStudioVersion = 10.0.40219.1
Project("{FAE04EC0-301F-11D3-BF4B-00C04F79EFBC}") = "GoogleFormKeyFinder", "GoogleFormKeyFinder\GoogleFormKeyFinder.csproj", "{32F66CF6-2A4F-48A9-B777-ABE485C58056}"
EndProject
Global
	GlobalSection(SolutionConfigurationPlatforms) = preSolution
		Debug|Any CPU = Debug|Any CPU
		Release|Any CPU = Release|Any CPU
	EndGlobalSection
	GlobalSection(ProjectConfigurationPlatforms) = postSolution
		{32F66CF6-2A4F-48A9-B777-ABE485C58056}.Debug|Any CPU.ActiveCfg = Debug|Any CPU
		{32F66CF6-2A4F-48A9-B777-ABE485C58056}.Debug|Any CPU.Build.0 = Debug|Any CPU
		{32F66CF6-2A4F-48A9-B777-ABE485C58056}.Release|Any CPU.ActiveCfg = Release|Any CPU
		{32F66CF6-2A4F-48A9-B777-ABE485C58056}.Release|Any CPU.Build.0 = Release|Any CPU
	EndGlobalSection
	GlobalSection(SolutionProperties) = preSolution
		HideSolutionNode = FALSE
	EndGlobalSection
	GlobalSection(ExtensibilityGlobals) = postSolution
		SolutionGuid = {A83B64F3-E83D-40AE-ABF0-42AF6F5669D4}
	EndGlobalSection
EndGlobal
